
Microsoft Visual Studio Solution File, Format Version 12.00
# Visual Studio Version 17
VisualStudioVersion = 17.12.35527.113 d17.12
MinimumVisualStudioVersion = 10.0.40219.1
Project("{FAE04EC0-301F-11D3-BF4B-00C04F79EFBC}") = "Day1", "Day1\Day1.csproj", "{A0BA678B-19CE-4465-92E5-15571CEA317D}"
EndProject
Project("{FAE04EC0-301F-11D3-BF4B-00C04F79EFBC}") = "Day2", "Day2\Day2.csproj", "{3214E444-9951-4D5D-8C95-0A5A716DD74E}"
EndProject
Project("{FAE04EC0-301F-11D3-BF4B-00C04F79EFBC}") = "Day3", "Day3\Day3.csproj", "{71777150-0466-4307-88DB-AAC2F113A5B1}"
EndProject
Project("{FAE04EC0-301F-11D3-BF4B-00C04F79EFBC}") = "Day4", "Day4\Day4.csproj", "{A4C97B94-0C81-4969-9F78-C5CEFF27BA82}"
EndProject
Global
	GlobalSection(SolutionConfigurationPlatforms) = preSolution
		Debug|Any CPU = Debug|Any CPU
		Release|Any CPU = Release|Any CPU
	EndGlobalSection
	GlobalSection(ProjectConfigurationPlatforms) = postSolution
		{A0BA678B-19CE-4465-92E5-15571CEA317D}.Debug|Any CPU.ActiveCfg = Debug|Any CPU
		{A0BA678B-19CE-4465-92E5-15571CEA317D}.Debug|Any CPU.Build.0 = Debug|Any CPU
		{A0BA678B-19CE-4465-92E5-15571CEA317D}.Release|Any CPU.ActiveCfg = Release|Any CPU
		{A0BA678B-19CE-4465-92E5-15571CEA317D}.Release|Any CPU.Build.0 = Release|Any CPU
		{3214E444-9951-4D5D-8C95-0A5A716DD74E}.Debug|Any CPU.ActiveCfg = Debug|Any CPU
		{3214E444-9951-4D5D-8C95-0A5A716DD74E}.Debug|Any CPU.Build.0 = Debug|Any CPU
		{3214E444-9951-4D5D-8C95-0A5A716DD74E}.Release|Any CPU.ActiveCfg = Release|Any CPU
		{3214E444-9951-4D5D-8C95-0A5A716DD74E}.Release|Any CPU.Build.0 = Release|Any CPU
		{71777150-0466-4307-88DB-AAC2F113A5B1}.Debug|Any CPU.ActiveCfg = Debug|Any CPU
		{71777150-0466-4307-88DB-AAC2F113A5B1}.Debug|Any CPU.Build.0 = Debug|Any CPU
		{71777150-0466-4307-88DB-AAC2F113A5B1}.Release|Any CPU.ActiveCfg = Release|Any CPU
		{71777150-0466-4307-88DB-AAC2F113A5B1}.Release|Any CPU.Build.0 = Release|Any CPU
		{A4C97B94-0C81-4969-9F78-C5CEFF27BA82}.Debug|Any CPU.ActiveCfg = Debug|Any CPU
		{A4C97B94-0C81-4969-9F78-C5CEFF27BA82}.Debug|Any CPU.Build.0 = Debug|Any CPU
		{A4C97B94-0C81-4969-9F78-C5CEFF27BA82}.Release|Any CPU.ActiveCfg = Release|Any CPU
		{A4C97B94-0C81-4969-9F78-C5CEFF27BA82}.Release|Any CPU.Build.0 = Release|Any CPU
	EndGlobalSection
	GlobalSection(SolutionProperties) = preSolution
		HideSolutionNode = FALSE
	EndGlobalSection
EndGlobal
